// !$*UTF8*$!
{
	archiveVersion = 1;
	classes = {
	};
	objectVersion = 56;
	objects = {

/* Begin PBXBuildFile section */
		52E5013E2C6A77EC00860B8D /* AppDelegate.swift in Sources */ = {isa = PBXBuildFile; fileRef = 52E5013D2C6A77EC00860B8D /* AppDelegate.swift */; };
		52E501402C6A77EC00860B8D /* SceneDelegate.swift in Sources */ = {isa = PBXBuildFile; fileRef = 52E5013F2C6A77EC00860B8D /* SceneDelegate.swift */; };
		52E501422C6A77EC00860B8D /* ViewController.swift in Sources */ = {isa = PBXBuildFile; fileRef = 52E501412C6A77EC00860B8D /* ViewController.swift */; };
		52E501452C6A77EC00860B8D /* Base in Resources */ = {isa = PBXBuildFile; fileRef = 52E501442C6A77EC00860B8D /* Base */; };
		52E501482C6A77EC00860B8D /* Dicee_UIKitGit.xcdatamodeld in Sources */ = {isa = PBXBuildFile; fileRef = 52E501462C6A77EC00860B8D /* Dicee_UIKitGit.xcdatamodeld */; };
		52E5014A2C6A77EE00860B8D /* Assets.xcassets in Resources */ = {isa = PBXBuildFile; fileRef = 52E501492C6A77EE00860B8D /* Assets.xcassets */; };
		52E5014D2C6A77EE00860B8D /* Base in Resources */ = {isa = PBXBuildFile; fileRef = 52E5014C2C6A77EE00860B8D /* Base */; };
/* End PBXBuildFile section */

/* Begin PBXFileReference section */
		52E5013A2C6A77EC00860B8D /* Dicee-UIKitGit.app */ = {isa = PBXFileReference; explicitFileType = wrapper.application; includeInIndex = 0; path = "Dicee-UIKitGit.app"; sourceTree = BUILT_PRODUCTS_DIR; };
		52E5013D2C6A77EC00860B8D /* AppDelegate.swift */ = {isa = PBXFileReference; lastKnownFileType = sourcecode.swift; path = AppDelegate.swift; sourceTree = "<group>"; };
		52E5013F2C6A77EC00860B8D /* SceneDelegate.swift */ = {isa = PBXFileReference; lastKnownFileType = sourcecode.swift; path = SceneDelegate.swift; sourceTree = "<group>"; };
		52E501412C6A77EC00860B8D /* ViewController.swift */ = {isa = PBXFileReference; lastKnownFileType = sourcecode.swift; path = ViewController.swift; sourceTree = "<group>"; };
		52E501442C6A77EC00860B8D /* Base */ = {isa = PBXFileReference; lastKnownFileType = file.storyboard; name = Base; path = Base.lproj/Main.storyboard; sourceTree = "<group>"; };
		52E501472C6A77EC00860B8D /* Dicee_UIKitGit.xcdatamodel */ = {isa = PBXFileReference; lastKnownFileType = wrapper.xcdatamodel; path = Dicee_UIKitGit.xcdatamodel; sourceTree = "<group>"; };
		52E501492C6A77EE00860B8D /* Assets.xcassets */ = {isa = PBXFileReference; lastKnownFileType = folder.assetcatalog; path = Assets.xcassets; sourceTree = "<group>"; };
		52E5014C2C6A77EE00860B8D /* Base */ = {isa = PBXFileReference; lastKnownFileType = file.storyboard; name = Base; path = Base.lproj/LaunchScreen.storyboard; sourceTree = "<group>"; };
		52E5014E2C6A77EE00860B8D /* Info.plist */ = {isa = PBXFileReference; lastKnownFileType = text.plist.xml; path = Info.plist; sourceTree = "<group>"; };
/* End PBXFileReference section */

/* Begin PBXFrameworksBuildPhase section */
		52E501372C6A77EC00860B8D /* Frameworks */ = {
			isa = PBXFrameworksBuildPhase;
			buildActionMask = 2147483647;
			files = (
			);
			runOnlyForDeploymentPostprocessing = 0;
		};
/* End PBXFrameworksBuildPhase section */

/* Begin PBXGroup section */
		52E501312C6A77EC00860B8D = {
			isa = PBXGroup;
			children = (
				52E5013C2C6A77EC00860B8D /* Dicee-UIKitGit */,
				52E5013B2C6A77EC00860B8D /* Products */,
			);
			sourceTree = "<group>";
		};
		52E5013B2C6A77EC00860B8D /* Products */ = {
			isa = PBXGroup;
			children = (
				52E5013A2C6A77EC00860B8D /* Dicee-UIKitGit.app */,
			);
			name = Products;
			sourceTree = "<group>";
		};
		52E5013C2C6A77EC00860B8D /* Dicee-UIKitGit */ = {
			isa = PBXGroup;
			children = (
				52E5013D2C6A77EC00860B8D /* AppDelegate.swift */,
				52E5013F2C6A77EC00860B8D /* SceneDelegate.swift */,
				52E501412C6A77EC00860B8D /* ViewController.swift */,
				52E501432C6A77EC00860B8D /* Main.storyboard */,
				52E501492C6A77EE00860B8D /* Assets.xcassets */,
				52E5014B2C6A77EE00860B8D /* LaunchScreen.storyboard */,
				52E5014E2C6A77EE00860B8D /* Info.plist */,
				52E501462C6A77EC00860B8D /* Dicee_UIKitGit.xcdatamodeld */,
			);
			path = "Dicee-UIKitGit";
			sourceTree = "<group>";
		};
/* End PBXGroup section */

/* Begin PBXNativeTarget section */
		52E501392C6A77EC00860B8D /* Dicee-UIKitGit */ = {
			isa = PBXNativeTarget;
			buildConfigurationList = 52E501512C6A77EE00860B8D /* Build configuration list for PBXNativeTarget "Dicee-UIKitGit" */;
			buildPhases = (
				52E501362C6A77EC00860B8D /* Sources */,
				52E501372C6A77EC00860B8D /* Frameworks */,
				52E501382C6A77EC00860B8D /* Resources */,
			);
			buildRules = (
			);
			dependencies = (
			);
			name = "Dicee-UIKitGit";
			productName = "Dicee-UIKitGit";
			productReference = 52E5013A2C6A77EC00860B8D /* Dicee-UIKitGit.app */;
			productType = "com.apple.product-type.application";
		};
/* End PBXNativeTarget section */

/* Begin PBXProject section */
		52E501322C6A77EC00860B8D /* Project object */ = {
			isa = PBXProject;
			attributes = {
				BuildIndependentTargetsInParallel = 1;
				LastSwiftUpdateCheck = 1540;
				LastUpgradeCheck = 1540;
				TargetAttributes = {
					52E501392C6A77EC00860B8D = {
						CreatedOnToolsVersion = 15.4;
					};
				};
			};
			buildConfigurationList = 52E501352C6A77EC00860B8D /* Build configuration list for PBXProject "Dicee-UIKitGit" */;
			compatibilityVersion = "Xcode 14.0";
			developmentRegion = en;
			hasScannedForEncodings = 0;
			knownRegions = (
				en,
				Base,
			);
			mainGroup = 52E501312C6A77EC00860B8D;
			productRefGroup = 52E5013B2C6A77EC00860B8D /* Products */;
			projectDirPath = "";
			projectRoot = "";
			targets = (
				52E501392C6A77EC00860B8D /* Dicee-UIKitGit */,
			);
		};
/* End PBXProject section */

/* Begin PBXResourcesBuildPhase section */
		52E501382C6A77EC00860B8D /* Resources */ = {
			isa = PBXResourcesBuildPhase;
			buildActionMask = 2147483647;
			files = (
				52E5014A2C6A77EE00860B8D /* Assets.xcassets in Resources */,
				52E5014D2C6A77EE00860B8D /* Base in Resources */,
				52E501452C6A77EC00860B8D /* Base in Resources */,
			);
			runOnlyForDeploymentPostprocessing = 0;
		};
/* End PBXResourcesBuildPhase section */

/* Begin PBXSourcesBuildPhase section */
		52E501362C6A77EC00860B8D /* Sources */ = {
			isa = PBXSourcesBuildPhase;
			buildActionMask = 2147483647;
			files = (
				52E501422C6A77EC00860B8D /* ViewController.swift in Sources */,
				52E5013E2C6A77EC00860B8D /* AppDelegate.swift in Sources */,
				52E501482C6A77EC00860B8D /* Dicee_UIKitGit.xcdatamodeld in Sources */,
				52E501402C6A77EC00860B8D /* SceneDelegate.swift in Sources */,
			);
			runOnlyForDeploymentPostprocessing = 0;
		};
/* End PBXSourcesBuildPhase section */

/* Begin PBXVariantGroup section */
		52E501432C6A77EC00860B8D /* Main.storyboard */ = {
			isa = PBXVariantGroup;
			children = (
				52E501442C6A77EC00860B8D /* Base */,
			);
			name = Main.storyboard;
			sourceTree = "<group>";
		};
		52E5014B2C6A77EE00860B8D /* LaunchScreen.storyboard */ = {
			isa = PBXVariantGroup;
			children = (
				52E5014C2C6A77EE00860B8D /* Base */,
			);
			name = LaunchScreen.storyboard;
			sourceTree = "<group>";
		};
/* End PBXVariantGroup section */

/* Begin XCBuildConfiguration section */
		52E5014F2C6A77EE00860B8D /* Debug */ = {
			isa = XCBuildConfiguration;
			buildSettings = {
				ALWAYS_SEARCH_USER_PATHS = NO;
				ASSETCATALOG_COMPILER_GENERATE_SWIFT_ASSET_SYMBOL_EXTENSIONS = YES;
				CLANG_ANALYZER_NONNULL = YES;
				CLANG_ANALYZER_NUMBER_OBJECT_CONVERSION = YES_AGGRESSIVE;
				CLANG_CXX_LANGUAGE_STANDARD = "gnu++20";
				CLANG_ENABLE_MODULES = YES;
				CLANG_ENABLE_OBJC_ARC = YES;
				CLANG_ENABLE_OBJC_WEAK = YES;
				CLANG_WARN_BLOCK_CAPTURE_AUTORELEASING = YES;
				CLANG_WARN_BOOL_CONVERSION = YES;
				CLANG_WARN_COMMA = YES;
				CLANG_WARN_CONSTANT_CONVERSION = YES;
				CLANG_WARN_DEPRECATED_OBJC_IMPLEMENTATIONS = YES;
				CLANG_WARN_DIRECT_OBJC_ISA_USAGE = YES_ERROR;
				CLANG_WARN_DOCUMENTATION_COMMENTS = YES;
				CLANG_WARN_EMPTY_BODY = YES;
				CLANG_WARN_ENUM_CONVERSION = YES;
				CLANG_WARN_INFINITE_RECURSION = YES;
				CLANG_WARN_INT_CONVERSION = YES;
				CLANG_WARN_NON_LITERAL_NULL_CONVERSION = YES;
				CLANG_WARN_OBJC_IMPLICIT_RETAIN_SELF = YES;
				CLANG_WARN_OBJC_LITERAL_CONVERSION = YES;
				CLANG_WARN_OBJC_ROOT_CLASS = YES_ERROR;
				CLANG_WARN_QUOTED_INCLUDE_IN_FRAMEWORK_HEADER = YES;
				CLANG_WARN_RANGE_LOOP_ANALYSIS = YES;
				CLANG_WARN_STRICT_PROTOTYPES = YES;
				CLANG_WARN_SUSPICIOUS_MOVE = YES;
				CLANG_WARN_UNGUARDED_AVAILABILITY = YES_AGGRESSIVE;
				CLANG_WARN_UNREACHABLE_CODE = YES;
				CLANG_WARN__DUPLICATE_METHOD_MATCH = YES;
				COPY_PHASE_STRIP = NO;
				DEBUG_INFORMATION_FORMAT = dwarf;
				ENABLE_STRICT_OBJC_MSGSEND = YES;
				ENABLE_TESTABILITY = YES;
				ENABLE_USER_SCRIPT_SANDBOXING = YES;
				GCC_C_LANGUAGE_STANDARD = gnu17;
				GCC_DYNAMIC_NO_PIC = NO;
				GCC_NO_COMMON_BLOCKS = YES;
				GCC_OPTIMIZATION_LEVEL = 0;
				GCC_PREPROCESSOR_DEFINITIONS = (
					"DEBUG=1",
					"$(inherited)",
				);
				GCC_WARN_64_TO_32_BIT_CONVERSION = YES;
				GCC_WARN_ABOUT_RETURN_TYPE = YES_ERROR;
				GCC_WARN_UNDECLARED_SELECTOR = YES;
				GCC_WARN_UNINITIALIZED_AUTOS = YES_AGGRESSIVE;
				GCC_WARN_UNUSED_FUNCTION = YES;
				GCC_WARN_UNUSED_VARIABLE = YES;
				IPHONEOS_DEPLOYMENT_TARGET = 17.5;
				LOCALIZATION_PREFERS_STRING_CATALOGS = YES;
				MTL_ENABLE_DEBUG_INFO = INCLUDE_SOURCE;
				MTL_FAST_MATH = YES;
				ONLY_ACTIVE_ARCH = YES;
				SDKROOT = iphoneos;
				SWIFT_ACTIVE_COMPILATION_CONDITIONS = "DEBUG $(inherited)";
				SWIFT_OPTIMIZATION_LEVEL = "-Onone";
			};
			name = Debug;
		};
		52E501502C6A77EE00860B8D /* Release */ = {
			isa = XCBuildConfiguration;
			buildSettings = {
				ALWAYS_SEARCH_USER_PATHS = NO;
				ASSETCATALOG_COMPILER_GENERATE_SWIFT_ASSET_SYMBOL_EXTENSIONS = YES;
				CLANG_ANALYZER_NONNULL = YES;
				CLANG_ANALYZER_NUMBER_OBJECT_CONVERSION = YES_AGGRESSIVE;
				CLANG_CXX_LANGUAGE_STANDARD = "gnu++20";
				CLANG_ENABLE_MODULES = YES;
				CLANG_ENABLE_OBJC_ARC = YES;
				CLANG_ENABLE_OBJC_WEAK = YES;
				CLANG_WARN_BLOCK_CAPTURE_AUTORELEASING = YES;
				CLANG_WARN_BOOL_CONVERSION = YES;
				CLANG_WARN_COMMA = YES;
				CLANG_WARN_CONSTANT_CONVERSION = YES;
				CLANG_WARN_DEPRECATED_OBJC_IMPLEMENTATIONS = YES;
				CLANG_WARN_DIRECT_OBJC_ISA_USAGE = YES_ERROR;
				CLANG_WARN_DOCUMENTATION_COMMENTS = YES;
				CLANG_WARN_EMPTY_BODY = YES;
				CLANG_WARN_ENUM_CONVERSION = YES;
				CLANG_WARN_INFINITE_RECURSION = YES;
				CLANG_WARN_INT_CONVERSION = YES;
				CLANG_WARN_NON_LITERAL_NULL_CONVERSION = YES;
				CLANG_WARN_OBJC_IMPLICIT_RETAIN_SELF = YES;
				CLANG_WARN_OBJC_LITERAL_CONVERSION = YES;
				CLANG_WARN_OBJC_ROOT_CLASS = YES_ERROR;
				CLANG_WARN_QUOTED_INCLUDE_IN_FRAMEWORK_HEADER = YES;
				CLANG_WARN_RANGE_LOOP_ANALYSIS = YES;
				CLANG_WARN_STRICT_PROTOTYPES = YES;
				CLANG_WARN_SUSPICIOUS_MOVE = YES;
				CLANG_WARN_UNGUARDED_AVAILABILITY = YES_AGGRESSIVE;
				CLANG_WARN_UNREACHABLE_CODE = YES;
				CLANG_WARN__DUPLICATE_METHOD_MATCH = YES;
				COPY_PHASE_STRIP = NO;
				DEBUG_INFORMATION_FORMAT = "dwarf-with-dsym";
				ENABLE_NS_ASSERTIONS = NO;
				ENABLE_STRICT_OBJC_MSGSEND = YES;
				ENABLE_USER_SCRIPT_SANDBOXING = YES;
				GCC_C_LANGUAGE_STANDARD = gnu17;
				GCC_NO_COMMON_BLOCKS = YES;
				GCC_WARN_64_TO_32_BIT_CONVERSION = YES;
				GCC_WARN_ABOUT_RETURN_TYPE = YES_ERROR;
				GCC_WARN_UNDECLARED_SELECTOR = YES;
				GCC_WARN_UNINITIALIZED_AUTOS = YES_AGGRESSIVE;
				GCC_WARN_UNUSED_FUNCTION = YES;
				GCC_WARN_UNUSED_VARIABLE = YES;
				IPHONEOS_DEPLOYMENT_TARGET = 17.5;
				LOCALIZATION_PREFERS_STRING_CATALOGS = YES;
				MTL_ENABLE_DEBUG_INFO = NO;
				MTL_FAST_MATH = YES;
				SDKROOT = iphoneos;
				SWIFT_COMPILATION_MODE = wholemodule;
				VALIDATE_PRODUCT = YES;
			};
			name = Release;
		};
		52E501522C6A77EE00860B8D /* Debug */ = {
			isa = XCBuildConfiguration;
			buildSettings = {
				ASSETCATALOG_COMPILER_APPICON_NAME = AppIcon;
				ASSETCATALOG_COMPILER_GLOBAL_ACCENT_COLOR_NAME = AccentColor;
				CODE_SIGN_STYLE = Automatic;
				CURRENT_PROJECT_VERSION = 1;
				DEVELOPMENT_TEAM = 975NPJ6HJF;
				GENERATE_INFOPLIST_FILE = YES;
				INFOPLIST_FILE = "Dicee-UIKitGit/Info.plist";
				INFOPLIST_KEY_UIApplicationSupportsIndirectInputEvents = YES;
				INFOPLIST_KEY_UILaunchStoryboardName = LaunchScreen;
				INFOPLIST_KEY_UIMainStoryboardFile = Main;
				INFOPLIST_KEY_UISupportedInterfaceOrientations_iPad = "UIInterfaceOrientationPortrait UIInterfaceOrientationPortraitUpsideDown UIInterfaceOrientationLandscapeLeft UIInterfaceOrientationLandscapeRight";
				INFOPLIST_KEY_UISupportedInterfaceOrientations_iPhone = "UIInterfaceOrientationPortrait UIInterfaceOrientationLandscapeLeft UIInterfaceOrientationLandscapeRight";
				LD_RUNPATH_SEARCH_PATHS = (
					"$(inherited)",
					"@executable_path/Frameworks",
				);
				MARKETING_VERSION = 1.0;
				PRODUCT_BUNDLE_IDENTIFIER = "com.alla.ios.Dicee-UIKitGit";
				PRODUCT_NAME = "$(TARGET_NAME)";
				SWIFT_EMIT_LOC_STRINGS = YES;
				SWIFT_VERSION = 5.0;
				TARGETED_DEVICE_FAMILY = "1,2";
			};
			name = Debug;
		};
		52E501532C6A77EE00860B8D /* Release */ = {
			isa = XCBuildConfiguration;
			buildSettings = {
				ASSETCATALOG_COMPILER_APPICON_NAME = AppIcon;
				ASSETCATALOG_COMPILER_GLOBAL_ACCENT_COLOR_NAME = AccentColor;
				CODE_SIGN_STYLE = Automatic;
				CURRENT_PROJECT_VERSION = 1;
				DEVELOPMENT_TEAM = 975NPJ6HJF;
				GENERATE_INFOPLIST_FILE = YES;
				INFOPLIST_FILE = "Dicee-UIKitGit/Info.plist";
				INFOPLIST_KEY_UIApplicationSupportsIndirectInputEvents = YES;
				INFOPLIST_KEY_UILaunchStoryboardName = LaunchScreen;
				INFOPLIST_KEY_UIMainStoryboardFile = Main;
				INFOPLIST_KEY_UISupportedInterfaceOrientations_iPad = "UIInterfaceOrientationPortrait UIInterfaceOrientationPortraitUpsideDown UIInterfaceOrientationLandscapeLeft UIInterfaceOrientationLandscapeRight";
				INFOPLIST_KEY_UISupportedInterfaceOrientations_iPhone = "UIInterfaceOrientationPortrait UIInterfaceOrientationLandscapeLeft UIInterfaceOrientationLandscapeRight";
				LD_RUNPATH_SEARCH_PATHS = (
					"$(inherited)",
					"@executable_path/Frameworks",
				);
				MARKETING_VERSION = 1.0;
				PRODUCT_BUNDLE_IDENTIFIER = "com.alla.ios.Dicee-UIKitGit";
				PRODUCT_NAME = "$(TARGET_NAME)";
				SWIFT_EMIT_LOC_STRINGS = YES;
				SWIFT_VERSION = 5.0;
				TARGETED_DEVICE_FAMILY = "1,2";
			};
			name = Release;
		};
/* End XCBuildConfiguration section */

/* Begin XCConfigurationList section */
		52E501352C6A77EC00860B8D /* Build configuration list for PBXProject "Dicee-UIKitGit" */ = {
			isa = XCConfigurationList;
			buildConfigurations = (
				52E5014F2C6A77EE00860B8D /* Debug */,
				52E501502C6A77EE00860B8D /* Release */,
			);
			defaultConfigurationIsVisible = 0;
			defaultConfigurationName = Release;
		};
		52E501512C6A77EE00860B8D /* Build configuration list for PBXNativeTarget "Dicee-UIKitGit" */ = {
			isa = XCConfigurationList;
			buildConfigurations = (
				52E501522C6A77EE00860B8D /* Debug */,
				52E501532C6A77EE00860B8D /* Release */,
			);
			defaultConfigurationIsVisible = 0;
			defaultConfigurationName = Release;
		};
/* End XCConfigurationList section */

/* Begin XCVersionGroup section */
		52E501462C6A77EC00860B8D /* Dicee_UIKitGit.xcdatamodeld */ = {
			isa = XCVersionGroup;
			children = (
				52E501472C6A77EC00860B8D /* Dicee_UIKitGit.xcdatamodel */,
			);
			currentVersion = 52E501472C6A77EC00860B8D /* Dicee_UIKitGit.xcdatamodel */;
			path = Dicee_UIKitGit.xcdatamodeld;
			sourceTree = "<group>";
			versionGroupType = wrapper.xcdatamodel;
		};
/* End XCVersionGroup section */
	};
	rootObject = 52E501322C6A77EC00860B8D /* Project object */;
}
